
Microsoft Visual Studio Solution File, Format Version 12.00
# Visual Studio Version 17
VisualStudioVersion = 17.4.33213.308
MinimumVisualStudioVersion = 10.0.40219.1
Project("{9A19103F-16F7-4668-BE54-9A1E7A4F7556}") = "MVC OF CI PLATFORM", "MVC OF CI PLATFORM\MVC OF CI PLATFORM.csproj", "{D042203D-F223-4462-BA0D-CEB5750C2019}"
EndProject
Project("{9A19103F-16F7-4668-BE54-9A1E7A4F7556}") = "CI PLATFORM.Entities", "CI PLATFORM.Entities\CI PLATFORM.Entities.csproj", "{46C3EBA0-5597-4018-9408-BB0375B8DD41}"
EndProject
Project("{9A19103F-16F7-4668-BE54-9A1E7A4F7556}") = "CI PLATFORM .repository", "CI PLATFORM .repository\CI PLATFORM .repository.csproj", "{3C53DB56-16C9-4BD1-BCE0-331864EE6B0C}"
EndProject
Global
	GlobalSection(SolutionConfigurationPlatforms) = preSolution
		Debug|Any CPU = Debug|Any CPU
		Release|Any CPU = Release|Any CPU
	EndGlobalSection
	GlobalSection(ProjectConfigurationPlatforms) = postSolution
		{D042203D-F223-4462-BA0D-CEB5750C2019}.Debug|Any CPU.ActiveCfg = Debug|Any CPU
		{D042203D-F223-4462-BA0D-CEB5750C2019}.Debug|Any CPU.Build.0 = Debug|Any CPU
		{D042203D-F223-4462-BA0D-CEB5750C2019}.Release|Any CPU.ActiveCfg = Release|Any CPU
		{D042203D-F223-4462-BA0D-CEB5750C2019}.Release|Any CPU.Build.0 = Release|Any CPU
		{46C3EBA0-5597-4018-9408-BB0375B8DD41}.Debug|Any CPU.ActiveCfg = Debug|Any CPU
		{46C3EBA0-5597-4018-9408-BB0375B8DD41}.Debug|Any CPU.Build.0 = Debug|Any CPU
		{46C3EBA0-5597-4018-9408-BB0375B8DD41}.Release|Any CPU.ActiveCfg = Release|Any CPU
		{46C3EBA0-5597-4018-9408-BB0375B8DD41}.Release|Any CPU.Build.0 = Release|Any CPU
		{3C53DB56-16C9-4BD1-BCE0-331864EE6B0C}.Debug|Any CPU.ActiveCfg = Debug|Any CPU
		{3C53DB56-16C9-4BD1-BCE0-331864EE6B0C}.Debug|Any CPU.Build.0 = Debug|Any CPU
		{3C53DB56-16C9-4BD1-BCE0-331864EE6B0C}.Release|Any CPU.ActiveCfg = Release|Any CPU
		{3C53DB56-16C9-4BD1-BCE0-331864EE6B0C}.Release|Any CPU.Build.0 = Release|Any CPU
	EndGlobalSection
	GlobalSection(SolutionProperties) = preSolution
		HideSolutionNode = FALSE
	EndGlobalSection
	GlobalSection(ExtensibilityGlobals) = postSolution
		SolutionGuid = {63676FAD-9CAD-43E7-8E3E-DED06C90AADA}
	EndGlobalSection
EndGlobal
